
Microsoft Visual Studio Solution File, Format Version 12.00
# Visual Studio 2013
VisualStudioVersion = 12.0.40629.0
MinimumVisualStudioVersion = 10.0.40219.1
Project("{FAE04EC0-301F-11D3-BF4B-00C04F79EFBC}") = "TestDataSeeding", "TestDataSeeding\TestDataSeeding.csproj", "{ABF18B9D-1FC0-4506-B4F2-13CF085A79AB}"
EndProject
Project("{FAE04EC0-301F-11D3-BF4B-00C04F79EFBC}") = "Tds.Tests.Model", "Tds.Tests.Model\Tds.Tests.Model.csproj", "{7E93B9A8-0D91-4B51-9643-2B6F5948B1C8}"
EndProject
Project("{FAE04EC0-301F-11D3-BF4B-00C04F79EFBC}") = "Tds.Tests.SystemTests", "Tds.Tests.SystemTests\Tds.Tests.SystemTests.csproj", "{8D3978B8-88A6-47C6-A566-BAAA2A7B6ABF}"
EndProject
Project("{FAE04EC0-301F-11D3-BF4B-00C04F79EFBC}") = "Tds.Engine", "Tds.Engine\Tds.Engine.csproj", "{5C4BA125-6F2F-42D4-992A-8DDBE07F95D7}"
EndProject
Project("{FAE04EC0-301F-11D3-BF4B-00C04F79EFBC}") = "Tds.Engine.Tests", "Tds.Engine.Tests\Tds.Engine.Tests.csproj", "{940AE95A-DB69-49F3-BD40-6D4404524957}"
EndProject
Project("{2150E333-8FDC-42A3-9474-1A3956D46DE8}") = "Tests", "Tests", "{F5BE648A-029F-48F1-A602-73581593F678}"
EndProject
Project("{FAE04EC0-301F-11D3-BF4B-00C04F79EFBC}") = "Tds.Types", "Tds.Types\Tds.Types.csproj", "{DBB10A77-AEEC-4C64-87E1-E5996E372028}"
EndProject
Project("{FAE04EC0-301F-11D3-BF4B-00C04F79EFBC}") = "Tds.Types.Tests", "Tds.Types.Tests\Tds.Types.Tests.csproj", "{36A3DC93-EE89-420D-970F-FAAFEC4D04A9}"
EndProject
Project("{FAE04EC0-301F-11D3-BF4B-00C04F79EFBC}") = "Tds.Interfaces", "Tds.Interfaces\Tds.Interfaces.csproj", "{F8CB8E0B-A695-4368-8E22-838D3A5AA0EC}"
EndProject
Project("{FAE04EC0-301F-11D3-BF4B-00C04F79EFBC}") = "Tds.StructureProviders", "Tds.StructureProviders\Tds.StructureProviders.csproj", "{86B3695E-EB3E-4939-933D-C5EF81067F84}"
	ProjectSection(ProjectDependencies) = postProject
		{DBB10A77-AEEC-4C64-87E1-E5996E372028} = {DBB10A77-AEEC-4C64-87E1-E5996E372028}
	EndProjectSection
EndProject
Project("{FAE04EC0-301F-11D3-BF4B-00C04F79EFBC}") = "Tds.StorageProviders", "Tds.StorageProviders\Tds.StorageProviders.csproj", "{B0A41A2E-DE73-4ADE-88DB-41167245D605}"
EndProject
Global
	GlobalSection(SolutionConfigurationPlatforms) = preSolution
		Debug|Any CPU = Debug|Any CPU
		Release|Any CPU = Release|Any CPU
	EndGlobalSection
	GlobalSection(ProjectConfigurationPlatforms) = postSolution
		{ABF18B9D-1FC0-4506-B4F2-13CF085A79AB}.Debug|Any CPU.ActiveCfg = Debug|Any CPU
		{ABF18B9D-1FC0-4506-B4F2-13CF085A79AB}.Debug|Any CPU.Build.0 = Debug|Any CPU
		{ABF18B9D-1FC0-4506-B4F2-13CF085A79AB}.Release|Any CPU.ActiveCfg = Release|Any CPU
		{ABF18B9D-1FC0-4506-B4F2-13CF085A79AB}.Release|Any CPU.Build.0 = Release|Any CPU
		{7E93B9A8-0D91-4B51-9643-2B6F5948B1C8}.Debug|Any CPU.ActiveCfg = Debug|Any CPU
		{7E93B9A8-0D91-4B51-9643-2B6F5948B1C8}.Debug|Any CPU.Build.0 = Debug|Any CPU
		{7E93B9A8-0D91-4B51-9643-2B6F5948B1C8}.Release|Any CPU.ActiveCfg = Release|Any CPU
		{7E93B9A8-0D91-4B51-9643-2B6F5948B1C8}.Release|Any CPU.Build.0 = Release|Any CPU
		{8D3978B8-88A6-47C6-A566-BAAA2A7B6ABF}.Debug|Any CPU.ActiveCfg = Debug|Any CPU
		{8D3978B8-88A6-47C6-A566-BAAA2A7B6ABF}.Debug|Any CPU.Build.0 = Debug|Any CPU
		{8D3978B8-88A6-47C6-A566-BAAA2A7B6ABF}.Release|Any CPU.ActiveCfg = Release|Any CPU
		{8D3978B8-88A6-47C6-A566-BAAA2A7B6ABF}.Release|Any CPU.Build.0 = Release|Any CPU
		{5C4BA125-6F2F-42D4-992A-8DDBE07F95D7}.Debug|Any CPU.ActiveCfg = Debug|Any CPU
		{5C4BA125-6F2F-42D4-992A-8DDBE07F95D7}.Debug|Any CPU.Build.0 = Debug|Any CPU
		{5C4BA125-6F2F-42D4-992A-8DDBE07F95D7}.Release|Any CPU.ActiveCfg = Release|Any CPU
		{5C4BA125-6F2F-42D4-992A-8DDBE07F95D7}.Release|Any CPU.Build.0 = Release|Any CPU
		{940AE95A-DB69-49F3-BD40-6D4404524957}.Debug|Any CPU.ActiveCfg = Debug|Any CPU
		{940AE95A-DB69-49F3-BD40-6D4404524957}.Debug|Any CPU.Build.0 = Debug|Any CPU
		{940AE95A-DB69-49F3-BD40-6D4404524957}.Release|Any CPU.ActiveCfg = Release|Any CPU
		{940AE95A-DB69-49F3-BD40-6D4404524957}.Release|Any CPU.Build.0 = Release|Any CPU
		{DBB10A77-AEEC-4C64-87E1-E5996E372028}.Debug|Any CPU.ActiveCfg = Debug|Any CPU
		{DBB10A77-AEEC-4C64-87E1-E5996E372028}.Debug|Any CPU.Build.0 = Debug|Any CPU
		{DBB10A77-AEEC-4C64-87E1-E5996E372028}.Release|Any CPU.ActiveCfg = Release|Any CPU
		{DBB10A77-AEEC-4C64-87E1-E5996E372028}.Release|Any CPU.Build.0 = Release|Any CPU
		{36A3DC93-EE89-420D-970F-FAAFEC4D04A9}.Debug|Any CPU.ActiveCfg = Debug|Any CPU
		{36A3DC93-EE89-420D-970F-FAAFEC4D04A9}.Debug|Any CPU.Build.0 = Debug|Any CPU
		{36A3DC93-EE89-420D-970F-FAAFEC4D04A9}.Release|Any CPU.ActiveCfg = Release|Any CPU
		{36A3DC93-EE89-420D-970F-FAAFEC4D04A9}.Release|Any CPU.Build.0 = Release|Any CPU
		{F8CB8E0B-A695-4368-8E22-838D3A5AA0EC}.Debug|Any CPU.ActiveCfg = Debug|Any CPU
		{F8CB8E0B-A695-4368-8E22-838D3A5AA0EC}.Debug|Any CPU.Build.0 = Debug|Any CPU
		{F8CB8E0B-A695-4368-8E22-838D3A5AA0EC}.Release|Any CPU.ActiveCfg = Release|Any CPU
		{F8CB8E0B-A695-4368-8E22-838D3A5AA0EC}.Release|Any CPU.Build.0 = Release|Any CPU
		{86B3695E-EB3E-4939-933D-C5EF81067F84}.Debug|Any CPU.ActiveCfg = Debug|Any CPU
		{86B3695E-EB3E-4939-933D-C5EF81067F84}.Debug|Any CPU.Build.0 = Debug|Any CPU
		{86B3695E-EB3E-4939-933D-C5EF81067F84}.Release|Any CPU.ActiveCfg = Release|Any CPU
		{86B3695E-EB3E-4939-933D-C5EF81067F84}.Release|Any CPU.Build.0 = Release|Any CPU
		{B0A41A2E-DE73-4ADE-88DB-41167245D605}.Debug|Any CPU.ActiveCfg = Debug|Any CPU
		{B0A41A2E-DE73-4ADE-88DB-41167245D605}.Debug|Any CPU.Build.0 = Debug|Any CPU
		{B0A41A2E-DE73-4ADE-88DB-41167245D605}.Release|Any CPU.ActiveCfg = Release|Any CPU
		{B0A41A2E-DE73-4ADE-88DB-41167245D605}.Release|Any CPU.Build.0 = Release|Any CPU
	EndGlobalSection
	GlobalSection(SolutionProperties) = preSolution
		HideSolutionNode = FALSE
	EndGlobalSection
	GlobalSection(NestedProjects) = preSolution
		{7E93B9A8-0D91-4B51-9643-2B6F5948B1C8} = {F5BE648A-029F-48F1-A602-73581593F678}
		{8D3978B8-88A6-47C6-A566-BAAA2A7B6ABF} = {F5BE648A-029F-48F1-A602-73581593F678}
		{940AE95A-DB69-49F3-BD40-6D4404524957} = {F5BE648A-029F-48F1-A602-73581593F678}
		{36A3DC93-EE89-420D-970F-FAAFEC4D04A9} = {F5BE648A-029F-48F1-A602-73581593F678}
	EndGlobalSection
EndGlobal
