
Microsoft Visual Studio Solution File, Format Version 12.00
# Visual Studio 2012
Project("{FAE04EC0-301F-11D3-BF4B-00C04F79EFBC}") = "TestDataSeeding", "TestDataSeeding\TestDataSeeding.csproj", "{ABF18B9D-1FC0-4506-B4F2-13CF085A79AB}"
EndProject
Project("{FAE04EC0-301F-11D3-BF4B-00C04F79EFBC}") = "TdsConsoleApp", "TdsConsoleApp\TdsConsoleApp.csproj", "{BFB4FACE-0BB3-4CFD-A0DF-287E6B27CDA0}"
	ProjectSection(ProjectDependencies) = postProject
		{ABF18B9D-1FC0-4506-B4F2-13CF085A79AB} = {ABF18B9D-1FC0-4506-B4F2-13CF085A79AB}
	EndProjectSection
EndProject
Project("{FAE04EC0-301F-11D3-BF4B-00C04F79EFBC}") = "TdsClientTesterApp", "TdsClientTesterApp\TdsClientTesterApp.csproj", "{7BFB8F86-4C81-4580-AC5A-B4D967243D65}"
EndProject
Project("{FAE04EC0-301F-11D3-BF4B-00C04F79EFBC}") = "TDSFormApp", "TDSFormApp\TDSFormApp.csproj", "{FF5994C6-A607-41D6-966F-98EA9BE3EFFF}"
EndProject
Project("{2150E333-8FDC-42A3-9474-1A3956D46DE8}") = ".nuget", ".nuget", "{034A702C-996D-415D-A2E7-22C181D7E577}"
	ProjectSection(SolutionItems) = preProject
		.nuget\NuGet.Config = .nuget\NuGet.Config
		.nuget\NuGet.exe = .nuget\NuGet.exe
		.nuget\NuGet.targets = .nuget\NuGet.targets
	EndProjectSection
EndProject
Global
	GlobalSection(SolutionConfigurationPlatforms) = preSolution
		Debug|Any CPU = Debug|Any CPU
		Release|Any CPU = Release|Any CPU
	EndGlobalSection
	GlobalSection(ProjectConfigurationPlatforms) = postSolution
		{ABF18B9D-1FC0-4506-B4F2-13CF085A79AB}.Debug|Any CPU.ActiveCfg = Debug|Any CPU
		{ABF18B9D-1FC0-4506-B4F2-13CF085A79AB}.Debug|Any CPU.Build.0 = Debug|Any CPU
		{ABF18B9D-1FC0-4506-B4F2-13CF085A79AB}.Release|Any CPU.ActiveCfg = Release|Any CPU
		{ABF18B9D-1FC0-4506-B4F2-13CF085A79AB}.Release|Any CPU.Build.0 = Release|Any CPU
		{BFB4FACE-0BB3-4CFD-A0DF-287E6B27CDA0}.Debug|Any CPU.ActiveCfg = Debug|Any CPU
		{BFB4FACE-0BB3-4CFD-A0DF-287E6B27CDA0}.Debug|Any CPU.Build.0 = Debug|Any CPU
		{BFB4FACE-0BB3-4CFD-A0DF-287E6B27CDA0}.Release|Any CPU.ActiveCfg = Release|Any CPU
		{BFB4FACE-0BB3-4CFD-A0DF-287E6B27CDA0}.Release|Any CPU.Build.0 = Release|Any CPU
		{7BFB8F86-4C81-4580-AC5A-B4D967243D65}.Debug|Any CPU.ActiveCfg = Debug|Any CPU
		{7BFB8F86-4C81-4580-AC5A-B4D967243D65}.Debug|Any CPU.Build.0 = Debug|Any CPU
		{7BFB8F86-4C81-4580-AC5A-B4D967243D65}.Release|Any CPU.ActiveCfg = Release|Any CPU
		{7BFB8F86-4C81-4580-AC5A-B4D967243D65}.Release|Any CPU.Build.0 = Release|Any CPU
		{FF5994C6-A607-41D6-966F-98EA9BE3EFFF}.Debug|Any CPU.ActiveCfg = Debug|Any CPU
		{FF5994C6-A607-41D6-966F-98EA9BE3EFFF}.Debug|Any CPU.Build.0 = Debug|Any CPU
		{FF5994C6-A607-41D6-966F-98EA9BE3EFFF}.Release|Any CPU.ActiveCfg = Release|Any CPU
		{FF5994C6-A607-41D6-966F-98EA9BE3EFFF}.Release|Any CPU.Build.0 = Release|Any CPU
	EndGlobalSection
	GlobalSection(SolutionProperties) = preSolution
		HideSolutionNode = FALSE
	EndGlobalSection
EndGlobal
